PODS:
  - CVCalendar (1.2.9)
  - MGSwipeTableCell (1.5.5)
  - Realm (0.98.6):
    - Realm/Headers (= 0.98.6)
  - Realm/Headers (0.98.6)
  - RealmSwift (0.98.6):
    - Realm (= 0.98.6)

DEPENDENCIES:
  - CVCalendar (~> 1.2.9)
  - MGSwipeTableCell
  - RealmSwift

SPEC CHECKSUMS:
  CVCalendar: 0799256e0bc3b43e83b7e86c0729ce9ff0624cb6
  MGSwipeTableCell: bafeb5f351124544c9364ecbdf24c7b06a37d340
  Realm: 44803f35418c5d89b27825a564247fcd190de37e
  RealmSwift: c7239c52c83f8c43525a5269ba7be1694da33afc

PODFILE CHECKSUM: 23fff6c7880f95b44ca50bd2dc2d80dcbc8bb886

COCOAPODS: 1.0.1
